
Microsoft Visual Studio Solution File, Format Version 12.00
# Visual Studio Version 16
VisualStudioVersion = 16.0.32126.315
MinimumVisualStudioVersion = 10.0.40219.1
Project("{FAE04EC0-301F-11D3-BF4B-00C04F79EFBC}") = "TestProject1", "TestProject1\TestProject1.csproj", "{5F7BA951-636B-4FC2-A51D-278AEF49EDCB}"
EndProject
Global
	GlobalSection(SolutionConfigurationPlatforms) = preSolution
		Debug|Any CPU = Debug|Any CPU
		Release|Any CPU = Release|Any CPU
	EndGlobalSection
	GlobalSection(ProjectConfigurationPlatforms) = postSolution
		{5F7BA951-636B-4FC2-A51D-278AEF49EDCB}.Debug|Any CPU.ActiveCfg = Debug|Any CPU
		{5F7BA951-636B-4FC2-A51D-278AEF49EDCB}.Debug|Any CPU.Build.0 = Debug|Any CPU
		{5F7BA951-636B-4FC2-A51D-278AEF49EDCB}.Release|Any CPU.ActiveCfg = Release|Any CPU
		{5F7BA951-636B-4FC2-A51D-278AEF49EDCB}.Release|Any CPU.Build.0 = Release|Any CPU
	EndGlobalSection
	GlobalSection(SolutionProperties) = preSolution
		HideSolutionNode = FALSE
	EndGlobalSection
	GlobalSection(ExtensibilityGlobals) = postSolution
		SolutionGuid = {B138C99C-34FE-4CA2-998B-711650F55991}
	EndGlobalSection
EndGlobal
